// !$*UTF8*$!
{
	archiveVersion = 1;
	classes = {
	};
	objectVersion = 52;
	objects = {

/* Begin PBXBuildFile section */
		DB6A8CF426F0F97E0080BEAF /* AppDelegate.swift in Sources */ = {isa = PBXBuildFile; fileRef = DB6A8CF326F0F97E0080BEAF /* AppDelegate.swift */; };
		DB6A8CF626F0F97E0080BEAF /* SceneDelegate.swift in Sources */ = {isa = PBXBuildFile; fileRef = DB6A8CF526F0F97E0080BEAF /* SceneDelegate.swift */; };
		DB6A8CFD26F0F9830080BEAF /* Assets.xcassets in Resources */ = {isa = PBXBuildFile; fileRef = DB6A8CFC26F0F9830080BEAF /* Assets.xcassets */; };
		DB6A8D0026F0F9830080BEAF /* LaunchScreen.storyboard in Resources */ = {isa = PBXBuildFile; fileRef = DB6A8CFE26F0F9830080BEAF /* LaunchScreen.storyboard */; };
		DB6A8D0926F147A90080BEAF /* UI in Frameworks */ = {isa = PBXBuildFile; productRef = DB6A8D0826F147A90080BEAF /* UI */; };
/* End PBXBuildFile section */

/* Begin PBXFileReference section */
		DB6A8CF026F0F97E0080BEAF /* TheProjectDemo.app */ = {isa = PBXFileReference; explicitFileType = wrapper.application; includeInIndex = 0; path = TheProjectDemo.app; sourceTree = BUILT_PRODUCTS_DIR; };
		DB6A8CF326F0F97E0080BEAF /* AppDelegate.swift */ = {isa = PBXFileReference; lastKnownFileType = sourcecode.swift; path = AppDelegate.swift; sourceTree = "<group>"; };
		DB6A8CF526F0F97E0080BEAF /* SceneDelegate.swift */ = {isa = PBXFileReference; lastKnownFileType = sourcecode.swift; path = SceneDelegate.swift; sourceTree = "<group>"; };
		DB6A8CFC26F0F9830080BEAF /* Assets.xcassets */ = {isa = PBXFileReference; lastKnownFileType = folder.assetcatalog; path = Assets.xcassets; sourceTree = "<group>"; };
		DB6A8CFF26F0F9830080BEAF /* Base */ = {isa = PBXFileReference; lastKnownFileType = file.storyboard; name = Base; path = Base.lproj/LaunchScreen.storyboard; sourceTree = "<group>"; };
		DB6A8D0126F0F9830080BEAF /* Info.plist */ = {isa = PBXFileReference; lastKnownFileType = text.plist.xml; path = Info.plist; sourceTree = "<group>"; };
/* End PBXFileReference section */

/* Begin PBXFrameworksBuildPhase section */
		DB6A8CED26F0F97E0080BEAF /* Frameworks */ = {
			isa = PBXFrameworksBuildPhase;
			buildActionMask = 2147483647;
			files = (
				DB6A8D0926F147A90080BEAF /* UI in Frameworks */,
			);
			runOnlyForDeploymentPostprocessing = 0;
		};
/* End PBXFrameworksBuildPhase section */

/* Begin PBXGroup section */
		DB6A8CE726F0F97E0080BEAF = {
			isa = PBXGroup;
			children = (
				DB6A8CF226F0F97E0080BEAF /* TheProjectDemo */,
				DB6A8CF126F0F97E0080BEAF /* Products */,
			);
			sourceTree = "<group>";
		};
		DB6A8CF126F0F97E0080BEAF /* Products */ = {
			isa = PBXGroup;
			children = (
				DB6A8CF026F0F97E0080BEAF /* TheProjectDemo.app */,
			);
			name = Products;
			sourceTree = "<group>";
		};
		DB6A8CF226F0F97E0080BEAF /* TheProjectDemo */ = {
			isa = PBXGroup;
			children = (
				DB6A8CF326F0F97E0080BEAF /* AppDelegate.swift */,
				DB6A8CF526F0F97E0080BEAF /* SceneDelegate.swift */,
				DB6A8CFC26F0F9830080BEAF /* Assets.xcassets */,
				DB6A8CFE26F0F9830080BEAF /* LaunchScreen.storyboard */,
				DB6A8D0126F0F9830080BEAF /* Info.plist */,
			);
			path = TheProjectDemo;
			sourceTree = "<group>";
		};
/* End PBXGroup section */

/* Begin PBXNativeTarget section */
		DB6A8CEF26F0F97E0080BEAF /* TheProjectDemo */ = {
			isa = PBXNativeTarget;
			buildConfigurationList = DB6A8D0426F0F9830080BEAF /* Build configuration list for PBXNativeTarget "TheProjectDemo" */;
			buildPhases = (
				DB6A8CEC26F0F97E0080BEAF /* Sources */,
				DB6A8CED26F0F97E0080BEAF /* Frameworks */,
				DB6A8CEE26F0F97E0080BEAF /* Resources */,
			);
			buildRules = (
			);
			dependencies = (
			);
			name = TheProjectDemo;
			packageProductDependencies = (
				DB6A8D0826F147A90080BEAF /* UI */,
			);
			productName = TheProjectDemo;
			productReference = DB6A8CF026F0F97E0080BEAF /* TheProjectDemo.app */;
			productType = "com.apple.product-type.application";
		};
/* End PBXNativeTarget section */

/* Begin PBXProject section */
		DB6A8CE826F0F97E0080BEAF /* Project object */ = {
			isa = PBXProject;
			attributes = {
				LastSwiftUpdateCheck = 1250;
				LastUpgradeCheck = 1250;
				TargetAttributes = {
					DB6A8CEF26F0F97E0080BEAF = {
						CreatedOnToolsVersion = 12.5.1;
					};
				};
			};
			buildConfigurationList = DB6A8CEB26F0F97E0080BEAF /* Build configuration list for PBXProject "TheProjectDemo" */;
			compatibilityVersion = "Xcode 9.3";
			developmentRegion = en;
			hasScannedForEncodings = 0;
			knownRegions = (
				en,
				Base,
			);
			mainGroup = DB6A8CE726F0F97E0080BEAF;
			packageReferences = (
				DB6A8D0726F147A90080BEAF /* XCRemoteSwiftPackageReference "TheProject" */,
			);
			productRefGroup = DB6A8CF126F0F97E0080BEAF /* Products */;
			projectDirPath = "";
			projectRoot = "";
			targets = (
				DB6A8CEF26F0F97E0080BEAF /* TheProjectDemo */,
			);
		};
/* End PBXProject section */

/* Begin PBXResourcesBuildPhase section */
		DB6A8CEE26F0F97E0080BEAF /* Resources */ = {
			isa = PBXResourcesBuildPhase;
			buildActionMask = 2147483647;
			files = (
				DB6A8D0026F0F9830080BEAF /* LaunchScreen.storyboard in Resources */,
				DB6A8CFD26F0F9830080BEAF /* Assets.xcassets in Resources */,
			);
			runOnlyForDeploymentPostprocessing = 0;
		};
/* End PBXResourcesBuildPhase section */

/* Begin PBXSourcesBuildPhase section */
		DB6A8CEC26F0F97E0080BEAF /* Sources */ = {
			isa = PBXSourcesBuildPhase;
			buildActionMask = 2147483647;
			files = (
				DB6A8CF426F0F97E0080BEAF /* AppDelegate.swift in Sources */,
				DB6A8CF626F0F97E0080BEAF /* SceneDelegate.swift in Sources */,
			);
			runOnlyForDeploymentPostprocessing = 0;
		};
/* End PBXSourcesBuildPhase section */

/* Begin PBXVariantGroup section */
		DB6A8CFE26F0F9830080BEAF /* LaunchScreen.storyboard */ = {
			isa = PBXVariantGroup;
			children = (
				DB6A8CFF26F0F9830080BEAF /* Base */,
			);
			name = LaunchScreen.storyboard;
			sourceTree = "<group>";
		};
/* End PBXVariantGroup section */

/* Begin XCBuildConfiguration section */
		DB6A8D0226F0F9830080BEAF /* Debug */ = {
			isa = XCBuildConfiguration;
			buildSettings = {
				ALWAYS_SEARCH_USER_PATHS = NO;
				CLANG_ANALYZER_NONNULL = YES;
				CLANG_ANALYZER_NUMBER_OBJECT_CONVERSION = YES_AGGRESSIVE;
				CLANG_CXX_LANGUAGE_STANDARD = "gnu++14";
				CLANG_CXX_LIBRARY = "libc++";
				CLANG_ENABLE_MODULES = YES;
				CLANG_ENABLE_OBJC_ARC = YES;
				CLANG_ENABLE_OBJC_WEAK = YES;
				CLANG_WARN_BLOCK_CAPTURE_AUTORELEASING = YES;
				CLANG_WARN_BOOL_CONVERSION = YES;
				CLANG_WARN_COMMA = YES;
				CLANG_WARN_CONSTANT_CONVERSION = YES;
				CLANG_WARN_DEPRECATED_OBJC_IMPLEMENTATIONS = YES;
				CLANG_WARN_DIRECT_OBJC_ISA_USAGE = YES_ERROR;
				CLANG_WARN_DOCUMENTATION_COMMENTS = YES;
				CLANG_WARN_EMPTY_BODY = YES;
				CLANG_WARN_ENUM_CONVERSION = YES;
				CLANG_WARN_INFINITE_RECURSION = YES;
				CLANG_WARN_INT_CONVERSION = YES;
				CLANG_WARN_NON_LITERAL_NULL_CONVERSION = YES;
				CLANG_WARN_OBJC_IMPLICIT_RETAIN_SELF = YES;
				CLANG_WARN_OBJC_LITERAL_CONVERSION = YES;
				CLANG_WARN_OBJC_ROOT_CLASS = YES_ERROR;
				CLANG_WARN_QUOTED_INCLUDE_IN_FRAMEWORK_HEADER = YES;
				CLANG_WARN_RANGE_LOOP_ANALYSIS = YES;
				CLANG_WARN_STRICT_PROTOTYPES = YES;
				CLANG_WARN_SUSPICIOUS_MOVE = YES;
				CLANG_WARN_UNGUARDED_AVAILABILITY = YES_AGGRESSIVE;
				CLANG_WARN_UNREACHABLE_CODE = YES;
				CLANG_WARN__DUPLICATE_METHOD_MATCH = YES;
				COPY_PHASE_STRIP = NO;
				DEBUG_INFORMATION_FORMAT = dwarf;
				ENABLE_STRICT_OBJC_MSGSEND = YES;
				ENABLE_TESTABILITY = YES;
				GCC_C_LANGUAGE_STANDARD = gnu11;
				GCC_DYNAMIC_NO_PIC = NO;
				GCC_NO_COMMON_BLOCKS = YES;
				GCC_OPTIMIZATION_LEVEL = 0;
				GCC_PREPROCESSOR_DEFINITIONS = (
					"DEBUG=1",
					"$(inherited)",
				);
				GCC_WARN_64_TO_32_BIT_CONVERSION = YES;
				GCC_WARN_ABOUT_RETURN_TYPE = YES_ERROR;
				GCC_WARN_UNDECLARED_SELECTOR = YES;
				GCC_WARN_UNINITIALIZED_AUTOS = YES_AGGRESSIVE;
				GCC_WARN_UNUSED_FUNCTION = YES;
				GCC_WARN_UNUSED_VARIABLE = YES;
				IPHONEOS_DEPLOYMENT_TARGET = 14.5;
				MTL_ENABLE_DEBUG_INFO = INCLUDE_SOURCE;
				MTL_FAST_MATH = YES;
				ONLY_ACTIVE_ARCH = YES;
				SDKROOT = iphoneos;
				SWIFT_ACTIVE_COMPILATION_CONDITIONS = DEBUG;
				SWIFT_OPTIMIZATION_LEVEL = "-Onone";
			};
			name = Debug;
		};
		DB6A8D0326F0F9830080BEAF /* Release */ = {
			isa = XCBuildConfiguration;
			buildSettings = {
				ALWAYS_SEARCH_USER_PATHS = NO;
				CLANG_ANALYZER_NONNULL = YES;
				CLANG_ANALYZER_NUMBER_OBJECT_CONVERSION = YES_AGGRESSIVE;
				CLANG_CXX_LANGUAGE_STANDARD = "gnu++14";
				CLANG_CXX_LIBRARY = "libc++";
				CLANG_ENABLE_MODULES = YES;
				CLANG_ENABLE_OBJC_ARC = YES;
				CLANG_ENABLE_OBJC_WEAK = YES;
				CLANG_WARN_BLOCK_CAPTURE_AUTORELEASING = YES;
				CLANG_WARN_BOOL_CONVERSION = YES;
				CLANG_WARN_COMMA = YES;
				CLANG_WARN_CONSTANT_CONVERSION = YES;
				CLANG_WARN_DEPRECATED_OBJC_IMPLEMENTATIONS = YES;
				CLANG_WARN_DIRECT_OBJC_ISA_USAGE = YES_ERROR;
				CLANG_WARN_DOCUMENTATION_COMMENTS = YES;
				CLANG_WARN_EMPTY_BODY = YES;
				CLANG_WARN_ENUM_CONVERSION = YES;
				CLANG_WARN_INFINITE_RECURSION = YES;
				CLANG_WARN_INT_CONVERSION = YES;
				CLANG_WARN_NON_LITERAL_NULL_CONVERSION = YES;
				CLANG_WARN_OBJC_IMPLICIT_RETAIN_SELF = YES;
				CLANG_WARN_OBJC_LITERAL_CONVERSION = YES;
				CLANG_WARN_OBJC_ROOT_CLASS = YES_ERROR;
				CLANG_WARN_QUOTED_INCLUDE_IN_FRAMEWORK_HEADER = YES;
				CLANG_WARN_RANGE_LOOP_ANALYSIS = YES;
				CLANG_WARN_STRICT_PROTOTYPES = YES;
				CLANG_WARN_SUSPICIOUS_MOVE = YES;
				CLANG_WARN_UNGUARDED_AVAILABILITY = YES_AGGRESSIVE;
				CLANG_WARN_UNREACHABLE_CODE = YES;
				CLANG_WARN__DUPLICATE_METHOD_MATCH = YES;
				COPY_PHASE_STRIP = NO;
				DEBUG_INFORMATION_FORMAT = "dwarf-with-dsym";
				ENABLE_NS_ASSERTIONS = NO;
				ENABLE_STRICT_OBJC_MSGSEND = YES;
				GCC_C_LANGUAGE_STANDARD = gnu11;
				GCC_NO_COMMON_BLOCKS = YES;
				GCC_WARN_64_TO_32_BIT_CONVERSION = YES;
				GCC_WARN_ABOUT_RETURN_TYPE = YES_ERROR;
				GCC_WARN_UNDECLARED_SELECTOR = YES;
				GCC_WARN_UNINITIALIZED_AUTOS = YES_AGGRESSIVE;
				GCC_WARN_UNUSED_FUNCTION = YES;
				GCC_WARN_UNUSED_VARIABLE = YES;
				IPHONEOS_DEPLOYMENT_TARGET = 14.5;
				MTL_ENABLE_DEBUG_INFO = NO;
				MTL_FAST_MATH = YES;
				SDKROOT = iphoneos;
				SWIFT_COMPILATION_MODE = wholemodule;
				SWIFT_OPTIMIZATION_LEVEL = "-O";
				VALIDATE_PRODUCT = YES;
			};
			name = Release;
		};
		DB6A8D0526F0F9830080BEAF /* Debug */ = {
			isa = XCBuildConfiguration;
			buildSettings = {
				ASSETCATALOG_COMPILER_APPICON_NAME = AppIcon;
				ASSETCATALOG_COMPILER_GLOBAL_ACCENT_COLOR_NAME = AccentColor;
				CODE_SIGN_STYLE = Automatic;
				DEVELOPMENT_TEAM = LWZ6JNHT2A;
				INFOPLIST_FILE = TheProjectDemo/Info.plist;
				IPHONEOS_DEPLOYMENT_TARGET = 14.1;
				LD_RUNPATH_SEARCH_PATHS = (
					"$(inherited)",
					"@executable_path/Frameworks",
				);
				MARKETING_VERSION = 0.1;
				PRODUCT_BUNDLE_IDENTIFIER = com.manwithbear.TheProjectDemo;
				PRODUCT_NAME = "$(TARGET_NAME)";
				SWIFT_VERSION = 5.0;
				TARGETED_DEVICE_FAMILY = "1,2";
			};
			name = Debug;
		};
		DB6A8D0626F0F9830080BEAF /* Release */ = {
			isa = XCBuildConfiguration;
			buildSettings = {
				ASSETCATALOG_COMPILER_APPICON_NAME = AppIcon;
				ASSETCATALOG_COMPILER_GLOBAL_ACCENT_COLOR_NAME = AccentColor;
				CODE_SIGN_STYLE = Automatic;
				DEVELOPMENT_TEAM = LWZ6JNHT2A;
				INFOPLIST_FILE = TheProjectDemo/Info.plist;
				IPHONEOS_DEPLOYMENT_TARGET = 14.1;
				LD_RUNPATH_SEARCH_PATHS = (
					"$(inherited)",
					"@executable_path/Frameworks",
				);
				MARKETING_VERSION = 0.1;
				PRODUCT_BUNDLE_IDENTIFIER = com.manwithbear.TheProjectDemo;
				PRODUCT_NAME = "$(TARGET_NAME)";
				SWIFT_VERSION = 5.0;
				TARGETED_DEVICE_FAMILY = "1,2";
			};
			name = Release;
		};
/* End XCBuildConfiguration section */

/* Begin XCConfigurationList section */
		DB6A8CEB26F0F97E0080BEAF /* Build configuration list for PBXProject "TheProjectDemo" */ = {
			isa = XCConfigurationList;
			buildConfigurations = (
				DB6A8D0226F0F9830080BEAF /* Debug */,
				DB6A8D0326F0F9830080BEAF /* Release */,
			);
			defaultConfigurationIsVisible = 0;
			defaultConfigurationName = Release;
		};
		DB6A8D0426F0F9830080BEAF /* Build configuration list for PBXNativeTarget "TheProjectDemo" */ = {
			isa = XCConfigurationList;
			buildConfigurations = (
				DB6A8D0526F0F9830080BEAF /* Debug */,
				DB6A8D0626F0F9830080BEAF /* Release */,
			);
			defaultConfigurationIsVisible = 0;
			defaultConfigurationName = Release;
		};
/* End XCConfigurationList section */

/* Begin XCRemoteSwiftPackageReference section */
		DB6A8D0726F147A90080BEAF /* XCRemoteSwiftPackageReference "TheProject" */ = {
			isa = XCRemoteSwiftPackageReference;
			repositoryURL = "file:///Users/denisbogomolov/Documents/xcode/my_projects/TheProject";
			requirement = {
				branch = main;
				kind = branch;
			};
		};
/* End XCRemoteSwiftPackageReference section */

/* Begin XCSwiftPackageProductDependency section */
		DB6A8D0826F147A90080BEAF /* UI */ = {
			isa = XCSwiftPackageProductDependency;
			package = DB6A8D0726F147A90080BEAF /* XCRemoteSwiftPackageReference "TheProject" */;
			productName = UI;
		};
/* End XCSwiftPackageProductDependency section */
	};
	rootObject = DB6A8CE826F0F97E0080BEAF /* Project object */;
}
